// !$*UTF8*$!
{
	archiveVersion = 1;
	classes = {
	};
	objectVersion = 56;
	objects = {

/* Begin PBXBuildFile section */
		618448792979DD37002AF6FE /* FeedCell.swift in Sources */ = {isa = PBXBuildFile; fileRef = 618448782979DD37002AF6FE /* FeedCell.swift */; };
		6184487C2979EDB8002AF6FE /* SDWebImage in Frameworks */ = {isa = PBXBuildFile; productRef = 6184487B2979EDB8002AF6FE /* SDWebImage */; };
		618669352976DA0200D04601 /* AppDelegate.swift in Sources */ = {isa = PBXBuildFile; fileRef = 618669342976DA0200D04601 /* AppDelegate.swift */; };
		618669372976DA0200D04601 /* SceneDelegate.swift in Sources */ = {isa = PBXBuildFile; fileRef = 618669362976DA0200D04601 /* SceneDelegate.swift */; };
		618669392976DA0200D04601 /* ViewController.swift in Sources */ = {isa = PBXBuildFile; fileRef = 618669382976DA0200D04601 /* ViewController.swift */; };
		6186693C2976DA0200D04601 /* Main.storyboard in Resources */ = {isa = PBXBuildFile; fileRef = 6186693A2976DA0200D04601 /* Main.storyboard */; };
		6186693E2976DA0300D04601 /* Assets.xcassets in Resources */ = {isa = PBXBuildFile; fileRef = 6186693D2976DA0300D04601 /* Assets.xcassets */; };
		618669412976DA0300D04601 /* LaunchScreen.storyboard in Resources */ = {isa = PBXBuildFile; fileRef = 6186693F2976DA0300D04601 /* LaunchScreen.storyboard */; };
		618669522976DB6800D04601 /* GoogleService-Info.plist in Resources */ = {isa = PBXBuildFile; fileRef = 618669512976DB6800D04601 /* GoogleService-Info.plist */; };
		618669542976E07800D04601 /* FeedViewController.swift in Sources */ = {isa = PBXBuildFile; fileRef = 618669532976E07800D04601 /* FeedViewController.swift */; };
		618669562976E08800D04601 /* UploadViewController.swift in Sources */ = {isa = PBXBuildFile; fileRef = 618669552976E08800D04601 /* UploadViewController.swift */; };
		618669582976E09200D04601 /* SettingsViewController.swift in Sources */ = {isa = PBXBuildFile; fileRef = 618669572976E09200D04601 /* SettingsViewController.swift */; };
		6186695A2976E3A000D04601 /* SignUpViewController.swift in Sources */ = {isa = PBXBuildFile; fileRef = 618669592976E3A000D04601 /* SignUpViewController.swift */; };
		618669652976F62000D04601 /* FirebaseAnalytics in Frameworks */ = {isa = PBXBuildFile; productRef = 618669642976F62000D04601 /* FirebaseAnalytics */; };
		618669672976F62000D04601 /* FirebaseAnalyticsSwift in Frameworks */ = {isa = PBXBuildFile; productRef = 618669662976F62000D04601 /* FirebaseAnalyticsSwift */; };
		618669692976F62000D04601 /* FirebaseAnalyticsWithoutAdIdSupport in Frameworks */ = {isa = PBXBuildFile; productRef = 618669682976F62000D04601 /* FirebaseAnalyticsWithoutAdIdSupport */; };
		6186696B2976F62000D04601 /* FirebaseAuth in Frameworks */ = {isa = PBXBuildFile; productRef = 6186696A2976F62000D04601 /* FirebaseAuth */; };
		6186696D2976F62000D04601 /* FirebaseFirestore in Frameworks */ = {isa = PBXBuildFile; productRef = 6186696C2976F62000D04601 /* FirebaseFirestore */; };
		6186696F2976F62000D04601 /* FirebaseFirestoreSwift in Frameworks */ = {isa = PBXBuildFile; productRef = 6186696E2976F62000D04601 /* FirebaseFirestoreSwift */; };
		618669712976F62000D04601 /* FirebaseStorage in Frameworks */ = {isa = PBXBuildFile; productRef = 618669702976F62000D04601 /* FirebaseStorage */; };
/* End PBXBuildFile section */

/* Begin PBXBuildRule section */
		6186695B2976ECD900D04601 /* PBXBuildRule */ = {
			isa = PBXBuildRule;
			compilerSpec = com.apple.compilers.proxy.script;
			fileType = pattern.proxy;
			inputFiles = (
			);
			isEditable = 1;
			outputFiles = (
			);
			script = "# Type a script or drag a script file from your workspace to insert its path.\n";
		};
/* End PBXBuildRule section */

/* Begin PBXFileReference section */
		618448782979DD37002AF6FE /* FeedCell.swift */ = {isa = PBXFileReference; lastKnownFileType = sourcecode.swift; path = FeedCell.swift; sourceTree = "<group>"; };
		618669312976DA0200D04601 /* InstaCloneFirebase.app */ = {isa = PBXFileReference; explicitFileType = wrapper.application; includeInIndex = 0; path = InstaCloneFirebase.app; sourceTree = BUILT_PRODUCTS_DIR; };
		618669342976DA0200D04601 /* AppDelegate.swift */ = {isa = PBXFileReference; lastKnownFileType = sourcecode.swift; path = AppDelegate.swift; sourceTree = "<group>"; };
		618669362976DA0200D04601 /* SceneDelegate.swift */ = {isa = PBXFileReference; lastKnownFileType = sourcecode.swift; path = SceneDelegate.swift; sourceTree = "<group>"; };
		618669382976DA0200D04601 /* ViewController.swift */ = {isa = PBXFileReference; lastKnownFileType = sourcecode.swift; path = ViewController.swift; sourceTree = "<group>"; };
		6186693B2976DA0200D04601 /* Base */ = {isa = PBXFileReference; lastKnownFileType = file.storyboard; name = Base; path = Base.lproj/Main.storyboard; sourceTree = "<group>"; };
		6186693D2976DA0300D04601 /* Assets.xcassets */ = {isa = PBXFileReference; lastKnownFileType = folder.assetcatalog; path = Assets.xcassets; sourceTree = "<group>"; };
		618669402976DA0300D04601 /* Base */ = {isa = PBXFileReference; lastKnownFileType = file.storyboard; name = Base; path = Base.lproj/LaunchScreen.storyboard; sourceTree = "<group>"; };
		618669422976DA0300D04601 /* Info.plist */ = {isa = PBXFileReference; lastKnownFileType = text.plist.xml; path = Info.plist; sourceTree = "<group>"; };
		618669512976DB6800D04601 /* GoogleService-Info.plist */ = {isa = PBXFileReference; fileEncoding = 4; lastKnownFileType = text.plist.xml; path = "GoogleService-Info.plist"; sourceTree = "<group>"; };
		618669532976E07800D04601 /* FeedViewController.swift */ = {isa = PBXFileReference; lastKnownFileType = sourcecode.swift; path = FeedViewController.swift; sourceTree = "<group>"; };
		618669552976E08800D04601 /* UploadViewController.swift */ = {isa = PBXFileReference; lastKnownFileType = sourcecode.swift; path = UploadViewController.swift; sourceTree = "<group>"; };
		618669572976E09200D04601 /* SettingsViewController.swift */ = {isa = PBXFileReference; lastKnownFileType = sourcecode.swift; path = SettingsViewController.swift; sourceTree = "<group>"; };
		618669592976E3A000D04601 /* SignUpViewController.swift */ = {isa = PBXFileReference; lastKnownFileType = sourcecode.swift; path = SignUpViewController.swift; sourceTree = "<group>"; };
/* End PBXFileReference section */

/* Begin PBXFrameworksBuildPhase section */
		6186692E2976DA0200D04601 /* Frameworks */ = {
			isa = PBXFrameworksBuildPhase;
			buildActionMask = 2147483647;
			files = (
				618669672976F62000D04601 /* FirebaseAnalyticsSwift in Frameworks */,
				618669692976F62000D04601 /* FirebaseAnalyticsWithoutAdIdSupport in Frameworks */,
				6184487C2979EDB8002AF6FE /* SDWebImage in Frameworks */,
				618669652976F62000D04601 /* FirebaseAnalytics in Frameworks */,
				6186696D2976F62000D04601 /* FirebaseFirestore in Frameworks */,
				618669712976F62000D04601 /* FirebaseStorage in Frameworks */,
				6186696B2976F62000D04601 /* FirebaseAuth in Frameworks */,
				6186696F2976F62000D04601 /* FirebaseFirestoreSwift in Frameworks */,
			);
			runOnlyForDeploymentPostprocessing = 0;
		};
/* End PBXFrameworksBuildPhase section */

/* Begin PBXGroup section */
		618669282976DA0200D04601 = {
			isa = PBXGroup;
			children = (
				618669332976DA0200D04601 /* InstaCloneFirebase */,
				618669322976DA0200D04601 /* Products */,
				6186695C2976ED1C00D04601 /* Frameworks */,
			);
			sourceTree = "<group>";
		};
		618669322976DA0200D04601 /* Products */ = {
			isa = PBXGroup;
			children = (
				618669312976DA0200D04601 /* InstaCloneFirebase.app */,
			);
			name = Products;
			sourceTree = "<group>";
		};
		618669332976DA0200D04601 /* InstaCloneFirebase */ = {
			isa = PBXGroup;
			children = (
				618669342976DA0200D04601 /* AppDelegate.swift */,
				618669362976DA0200D04601 /* SceneDelegate.swift */,
				618669382976DA0200D04601 /* ViewController.swift */,
				618669532976E07800D04601 /* FeedViewController.swift */,
				618448782979DD37002AF6FE /* FeedCell.swift */,
				618669552976E08800D04601 /* UploadViewController.swift */,
				618669572976E09200D04601 /* SettingsViewController.swift */,
				618669592976E3A000D04601 /* SignUpViewController.swift */,
				6186693A2976DA0200D04601 /* Main.storyboard */,
				6186693D2976DA0300D04601 /* Assets.xcassets */,
				6186693F2976DA0300D04601 /* LaunchScreen.storyboard */,
				618669512976DB6800D04601 /* GoogleService-Info.plist */,
				618669422976DA0300D04601 /* Info.plist */,
			);
			path = InstaCloneFirebase;
			sourceTree = "<group>";
		};
		6186695C2976ED1C00D04601 /* Frameworks */ = {
			isa = PBXGroup;
			children = (
			);
			name = Frameworks;
			sourceTree = "<group>";
		};
/* End PBXGroup section */

/* Begin PBXNativeTarget section */
		618669302976DA0200D04601 /* InstaCloneFirebase */ = {
			isa = PBXNativeTarget;
			buildConfigurationList = 618669452976DA0300D04601 /* Build configuration list for PBXNativeTarget "InstaCloneFirebase" */;
			buildPhases = (
				6186692D2976DA0200D04601 /* Sources */,
				6186692E2976DA0200D04601 /* Frameworks */,
				6186692F2976DA0200D04601 /* Resources */,
			);
			buildRules = (
				6186695B2976ECD900D04601 /* PBXBuildRule */,
			);
			dependencies = (
			);
			name = InstaCloneFirebase;
			packageProductDependencies = (
				618669642976F62000D04601 /* FirebaseAnalytics */,
				618669662976F62000D04601 /* FirebaseAnalyticsSwift */,
				618669682976F62000D04601 /* FirebaseAnalyticsWithoutAdIdSupport */,
				6186696A2976F62000D04601 /* FirebaseAuth */,
				6186696C2976F62000D04601 /* FirebaseFirestore */,
				6186696E2976F62000D04601 /* FirebaseFirestoreSwift */,
				618669702976F62000D04601 /* FirebaseStorage */,
				6184487B2979EDB8002AF6FE /* SDWebImage */,
			);
			productName = InstaCloneFirebase;
			productReference = 618669312976DA0200D04601 /* InstaCloneFirebase.app */;
			productType = "com.apple.product-type.application";
		};
/* End PBXNativeTarget section */

/* Begin PBXProject section */
		618669292976DA0200D04601 /* Project object */ = {
			isa = PBXProject;
			attributes = {
				BuildIndependentTargetsInParallel = 1;
				LastSwiftUpdateCheck = 1420;
				LastUpgradeCheck = 1420;
				TargetAttributes = {
					618669302976DA0200D04601 = {
						CreatedOnToolsVersion = 14.2;
					};
				};
			};
			buildConfigurationList = 6186692C2976DA0200D04601 /* Build configuration list for PBXProject "InstaCloneFirebase" */;
			compatibilityVersion = "Xcode 14.0";
			developmentRegion = en;
			hasScannedForEncodings = 0;
			knownRegions = (
				en,
				Base,
			);
			mainGroup = 618669282976DA0200D04601;
			packageReferences = (
				618669632976F62000D04601 /* XCRemoteSwiftPackageReference "firebase-ios-sdk" */,
				6184487A2979EDB8002AF6FE /* XCRemoteSwiftPackageReference "SDWebImage" */,
			);
			productRefGroup = 618669322976DA0200D04601 /* Products */;
			projectDirPath = "";
			projectRoot = "";
			targets = (
				618669302976DA0200D04601 /* InstaCloneFirebase */,
			);
		};
/* End PBXProject section */

/* Begin PBXResourcesBuildPhase section */
		6186692F2976DA0200D04601 /* Resources */ = {
			isa = PBXResourcesBuildPhase;
			buildActionMask = 2147483647;
			files = (
				618669412976DA0300D04601 /* LaunchScreen.storyboard in Resources */,
				618669522976DB6800D04601 /* GoogleService-Info.plist in Resources */,
				6186693E2976DA0300D04601 /* Assets.xcassets in Resources */,
				6186693C2976DA0200D04601 /* Main.storyboard in Resources */,
			);
			runOnlyForDeploymentPostprocessing = 0;
		};
/* End PBXResourcesBuildPhase section */

/* Begin PBXSourcesBuildPhase section */
		6186692D2976DA0200D04601 /* Sources */ = {
			isa = PBXSourcesBuildPhase;
			buildActionMask = 2147483647;
			files = (
				618669392976DA0200D04601 /* ViewController.swift in Sources */,
				6186695A2976E3A000D04601 /* SignUpViewController.swift in Sources */,
				618669562976E08800D04601 /* UploadViewController.swift in Sources */,
				618669352976DA0200D04601 /* AppDelegate.swift in Sources */,
				618669542976E07800D04601 /* FeedViewController.swift in Sources */,
				618448792979DD37002AF6FE /* FeedCell.swift in Sources */,
				618669372976DA0200D04601 /* SceneDelegate.swift in Sources */,
				618669582976E09200D04601 /* SettingsViewController.swift in Sources */,
			);
			runOnlyForDeploymentPostprocessing = 0;
		};
/* End PBXSourcesBuildPhase section */

/* Begin PBXVariantGroup section */
		6186693A2976DA0200D04601 /* Main.storyboard */ = {
			isa = PBXVariantGroup;
			children = (
				6186693B2976DA0200D04601 /* Base */,
			);
			name = Main.storyboard;
			sourceTree = "<group>";
		};
		6186693F2976DA0300D04601 /* LaunchScreen.storyboard */ = {
			isa = PBXVariantGroup;
			children = (
				618669402976DA0300D04601 /* Base */,
			);
			name = LaunchScreen.storyboard;
			sourceTree = "<group>";
		};
/* End PBXVariantGroup section */

/* Begin XCBuildConfiguration section */
		618669432976DA0300D04601 /* Debug */ = {
			isa = XCBuildConfiguration;
			buildSettings = {
				ALWAYS_SEARCH_USER_PATHS = NO;
				CLANG_ANALYZER_NONNULL = YES;
				CLANG_ANALYZER_NUMBER_OBJECT_CONVERSION = YES_AGGRESSIVE;
				CLANG_CXX_LANGUAGE_STANDARD = "gnu++20";
				CLANG_ENABLE_MODULES = YES;
				CLANG_ENABLE_OBJC_ARC = YES;
				CLANG_ENABLE_OBJC_WEAK = YES;
				CLANG_WARN_BLOCK_CAPTURE_AUTORELEASING = YES;
				CLANG_WARN_BOOL_CONVERSION = YES;
				CLANG_WARN_COMMA = YES;
				CLANG_WARN_CONSTANT_CONVERSION = YES;
				CLANG_WARN_DEPRECATED_OBJC_IMPLEMENTATIONS = YES;
				CLANG_WARN_DIRECT_OBJC_ISA_USAGE = YES_ERROR;
				CLANG_WARN_DOCUMENTATION_COMMENTS = YES;
				CLANG_WARN_EMPTY_BODY = YES;
				CLANG_WARN_ENUM_CONVERSION = YES;
				CLANG_WARN_INFINITE_RECURSION = YES;
				CLANG_WARN_INT_CONVERSION = YES;
				CLANG_WARN_NON_LITERAL_NULL_CONVERSION = YES;
				CLANG_WARN_OBJC_IMPLICIT_RETAIN_SELF = YES;
				CLANG_WARN_OBJC_LITERAL_CONVERSION = YES;
				CLANG_WARN_OBJC_ROOT_CLASS = YES_ERROR;
				CLANG_WARN_QUOTED_INCLUDE_IN_FRAMEWORK_HEADER = YES;
				CLANG_WARN_RANGE_LOOP_ANALYSIS = YES;
				CLANG_WARN_STRICT_PROTOTYPES = YES;
				CLANG_WARN_SUSPICIOUS_MOVE = YES;
				CLANG_WARN_UNGUARDED_AVAILABILITY = YES_AGGRESSIVE;
				CLANG_WARN_UNREACHABLE_CODE = YES;
				CLANG_WARN__DUPLICATE_METHOD_MATCH = YES;
				COPY_PHASE_STRIP = NO;
				DEBUG_INFORMATION_FORMAT = dwarf;
				ENABLE_STRICT_OBJC_MSGSEND = YES;
				ENABLE_TESTABILITY = YES;
				GCC_C_LANGUAGE_STANDARD = gnu11;
				GCC_DYNAMIC_NO_PIC = NO;
				GCC_NO_COMMON_BLOCKS = YES;
				GCC_OPTIMIZATION_LEVEL = 0;
				GCC_PREPROCESSOR_DEFINITIONS = (
					"DEBUG=1",
					"$(inherited)",
				);
				GCC_WARN_64_TO_32_BIT_CONVERSION = YES;
				GCC_WARN_ABOUT_RETURN_TYPE = YES_ERROR;
				GCC_WARN_UNDECLARED_SELECTOR = YES;
				GCC_WARN_UNINITIALIZED_AUTOS = YES_AGGRESSIVE;
				GCC_WARN_UNUSED_FUNCTION = YES;
				GCC_WARN_UNUSED_VARIABLE = YES;
				IPHONEOS_DEPLOYMENT_TARGET = 16.2;
				MTL_ENABLE_DEBUG_INFO = INCLUDE_SOURCE;
				MTL_FAST_MATH = YES;
				ONLY_ACTIVE_ARCH = YES;
				SDKROOT = iphoneos;
				SWIFT_ACTIVE_COMPILATION_CONDITIONS = DEBUG;
				SWIFT_OPTIMIZATION_LEVEL = "-Onone";
			};
			name = Debug;
		};
		618669442976DA0300D04601 /* Release */ = {
			isa = XCBuildConfiguration;
			buildSettings = {
				ALWAYS_SEARCH_USER_PATHS = NO;
				CLANG_ANALYZER_NONNULL = YES;
				CLANG_ANALYZER_NUMBER_OBJECT_CONVERSION = YES_AGGRESSIVE;
				CLANG_CXX_LANGUAGE_STANDARD = "gnu++20";
				CLANG_ENABLE_MODULES = YES;
				CLANG_ENABLE_OBJC_ARC = YES;
				CLANG_ENABLE_OBJC_WEAK = YES;
				CLANG_WARN_BLOCK_CAPTURE_AUTORELEASING = YES;
				CLANG_WARN_BOOL_CONVERSION = YES;
				CLANG_WARN_COMMA = YES;
				CLANG_WARN_CONSTANT_CONVERSION = YES;
				CLANG_WARN_DEPRECATED_OBJC_IMPLEMENTATIONS = YES;
				CLANG_WARN_DIRECT_OBJC_ISA_USAGE = YES_ERROR;
				CLANG_WARN_DOCUMENTATION_COMMENTS = YES;
				CLANG_WARN_EMPTY_BODY = YES;
				CLANG_WARN_ENUM_CONVERSION = YES;
				CLANG_WARN_INFINITE_RECURSION = YES;
				CLANG_WARN_INT_CONVERSION = YES;
				CLANG_WARN_NON_LITERAL_NULL_CONVERSION = YES;
				CLANG_WARN_OBJC_IMPLICIT_RETAIN_SELF = YES;
				CLANG_WARN_OBJC_LITERAL_CONVERSION = YES;
				CLANG_WARN_OBJC_ROOT_CLASS = YES_ERROR;
				CLANG_WARN_QUOTED_INCLUDE_IN_FRAMEWORK_HEADER = YES;
				CLANG_WARN_RANGE_LOOP_ANALYSIS = YES;
				CLANG_WARN_STRICT_PROTOTYPES = YES;
				CLANG_WARN_SUSPICIOUS_MOVE = YES;
				CLANG_WARN_UNGUARDED_AVAILABILITY = YES_AGGRESSIVE;
				CLANG_WARN_UNREACHABLE_CODE = YES;
				CLANG_WARN__DUPLICATE_METHOD_MATCH = YES;
				COPY_PHASE_STRIP = NO;
				DEBUG_INFORMATION_FORMAT = "dwarf-with-dsym";
				ENABLE_NS_ASSERTIONS = NO;
				ENABLE_STRICT_OBJC_MSGSEND = YES;
				GCC_C_LANGUAGE_STANDARD = gnu11;
				GCC_NO_COMMON_BLOCKS = YES;
				GCC_WARN_64_TO_32_BIT_CONVERSION = YES;
				GCC_WARN_ABOUT_RETURN_TYPE = YES_ERROR;
				GCC_WARN_UNDECLARED_SELECTOR = YES;
				GCC_WARN_UNINITIALIZED_AUTOS = YES_AGGRESSIVE;
				GCC_WARN_UNUSED_FUNCTION = YES;
				GCC_WARN_UNUSED_VARIABLE = YES;
				IPHONEOS_DEPLOYMENT_TARGET = 16.2;
				MTL_ENABLE_DEBUG_INFO = NO;
				MTL_FAST_MATH = YES;
				SDKROOT = iphoneos;
				SWIFT_COMPILATION_MODE = wholemodule;
				SWIFT_OPTIMIZATION_LEVEL = "-O";
				VALIDATE_PRODUCT = YES;
			};
			name = Release;
		};
		618669462976DA0300D04601 /* Debug */ = {
			isa = XCBuildConfiguration;
			buildSettings = {
				ASSETCATALOG_COMPILER_APPICON_NAME = AppIcon;
				ASSETCATALOG_COMPILER_GLOBAL_ACCENT_COLOR_NAME = AccentColor;
				CODE_SIGN_STYLE = Automatic;
				CURRENT_PROJECT_VERSION = 1;
				DEVELOPMENT_TEAM = 884H42YFP2;
				GENERATE_INFOPLIST_FILE = YES;
				INFOPLIST_FILE = InstaCloneFirebase/Info.plist;
				INFOPLIST_KEY_UIApplicationSupportsIndirectInputEvents = YES;
				INFOPLIST_KEY_UILaunchStoryboardName = LaunchScreen;
				INFOPLIST_KEY_UIMainStoryboardFile = Main;
				INFOPLIST_KEY_UISupportedInterfaceOrientations_iPad = "UIInterfaceOrientationPortrait UIInterfaceOrientationPortraitUpsideDown UIInterfaceOrientationLandscapeLeft UIInterfaceOrientationLandscapeRight";
				INFOPLIST_KEY_UISupportedInterfaceOrientations_iPhone = "UIInterfaceOrientationPortrait UIInterfaceOrientationLandscapeLeft UIInterfaceOrientationLandscapeRight";
				LD_RUNPATH_SEARCH_PATHS = (
					"$(inherited)",
					"@executable_path/Frameworks",
				);
				MARKETING_VERSION = 1.0;
				PRODUCT_BUNDLE_IDENTIFIER = com.mustafaadnantatlici.InstaCloneFirebase;
				PRODUCT_NAME = "$(TARGET_NAME)";
				SWIFT_EMIT_LOC_STRINGS = YES;
				SWIFT_VERSION = 5.0;
				TARGETED_DEVICE_FAMILY = "1,2";
			};
			name = Debug;
		};
		618669472976DA0300D04601 /* Release */ = {
			isa = XCBuildConfiguration;
			buildSettings = {
				ASSETCATALOG_COMPILER_APPICON_NAME = AppIcon;
				ASSETCATALOG_COMPILER_GLOBAL_ACCENT_COLOR_NAME = AccentColor;
				CODE_SIGN_STYLE = Automatic;
				CURRENT_PROJECT_VERSION = 1;
				DEVELOPMENT_TEAM = 884H42YFP2;
				GENERATE_INFOPLIST_FILE = YES;
				INFOPLIST_FILE = InstaCloneFirebase/Info.plist;
				INFOPLIST_KEY_UIApplicationSupportsIndirectInputEvents = YES;
				INFOPLIST_KEY_UILaunchStoryboardName = LaunchScreen;
				INFOPLIST_KEY_UIMainStoryboardFile = Main;
				INFOPLIST_KEY_UISupportedInterfaceOrientations_iPad = "UIInterfaceOrientationPortrait UIInterfaceOrientationPortraitUpsideDown UIInterfaceOrientationLandscapeLeft UIInterfaceOrientationLandscapeRight";
				INFOPLIST_KEY_UISupportedInterfaceOrientations_iPhone = "UIInterfaceOrientationPortrait UIInterfaceOrientationLandscapeLeft UIInterfaceOrientationLandscapeRight";
				LD_RUNPATH_SEARCH_PATHS = (
					"$(inherited)",
					"@executable_path/Frameworks",
				);
				MARKETING_VERSION = 1.0;
				PRODUCT_BUNDLE_IDENTIFIER = com.mustafaadnantatlici.InstaCloneFirebase;
				PRODUCT_NAME = "$(TARGET_NAME)";
				SWIFT_EMIT_LOC_STRINGS = YES;
				SWIFT_VERSION = 5.0;
				TARGETED_DEVICE_FAMILY = "1,2";
			};
			name = Release;
		};
/* End XCBuildConfiguration section */

/* Begin XCConfigurationList section */
		6186692C2976DA0200D04601 /* Build configuration list for PBXProject "InstaCloneFirebase" */ = {
			isa = XCConfigurationList;
			buildConfigurations = (
				618669432976DA0300D04601 /* Debug */,
				618669442976DA0300D04601 /* Release */,
			);
			defaultConfigurationIsVisible = 0;
			defaultConfigurationName = Release;
		};
		618669452976DA0300D04601 /* Build configuration list for PBXNativeTarget "InstaCloneFirebase" */ = {
			isa = XCConfigurationList;
			buildConfigurations = (
				618669462976DA0300D04601 /* Debug */,
				618669472976DA0300D04601 /* Release */,
			);
			defaultConfigurationIsVisible = 0;
			defaultConfigurationName = Release;
		};
/* End XCConfigurationList section */

/* Begin XCRemoteSwiftPackageReference section */
		6184487A2979EDB8002AF6FE /* XCRemoteSwiftPackageReference "SDWebImage" */ = {
			isa = XCRemoteSwiftPackageReference;
			repositoryURL = "https://github.com/SDWebImage/SDWebImage.git";
			requirement = {
				kind = upToNextMajorVersion;
				minimumVersion = 5.0.0;
			};
		};
		618669632976F62000D04601 /* XCRemoteSwiftPackageReference "firebase-ios-sdk" */ = {
			isa = XCRemoteSwiftPackageReference;
			repositoryURL = "https://github.com/firebase/firebase-ios-sdk";
			requirement = {
				kind = upToNextMajorVersion;
				minimumVersion = 9.0.0;
			};
		};
/* End XCRemoteSwiftPackageReference section */

/* Begin XCSwiftPackageProductDependency section */
		6184487B2979EDB8002AF6FE /* SDWebImage */ = {
			isa = XCSwiftPackageProductDependency;
			package = 6184487A2979EDB8002AF6FE /* XCRemoteSwiftPackageReference "SDWebImage" */;
			productName = SDWebImage;
		};
		618669642976F62000D04601 /* FirebaseAnalytics */ = {
			isa = XCSwiftPackageProductDependency;
			package = 618669632976F62000D04601 /* XCRemoteSwiftPackageReference "firebase-ios-sdk" */;
			productName = FirebaseAnalytics;
		};
		618669662976F62000D04601 /* FirebaseAnalyticsSwift */ = {
			isa = XCSwiftPackageProductDependency;
			package = 618669632976F62000D04601 /* XCRemoteSwiftPackageReference "firebase-ios-sdk" */;
			productName = FirebaseAnalyticsSwift;
		};
		618669682976F62000D04601 /* FirebaseAnalyticsWithoutAdIdSupport */ = {
			isa = XCSwiftPackageProductDependency;
			package = 618669632976F62000D04601 /* XCRemoteSwiftPackageReference "firebase-ios-sdk" */;
			productName = FirebaseAnalyticsWithoutAdIdSupport;
		};
		6186696A2976F62000D04601 /* FirebaseAuth */ = {
			isa = XCSwiftPackageProductDependency;
			package = 618669632976F62000D04601 /* XCRemoteSwiftPackageReference "firebase-ios-sdk" */;
			productName = FirebaseAuth;
		};
		6186696C2976F62000D04601 /* FirebaseFirestore */ = {
			isa = XCSwiftPackageProductDependency;
			package = 618669632976F62000D04601 /* XCRemoteSwiftPackageReference "firebase-ios-sdk" */;
			productName = FirebaseFirestore;
		};
		6186696E2976F62000D04601 /* FirebaseFirestoreSwift */ = {
			isa = XCSwiftPackageProductDependency;
			package = 618669632976F62000D04601 /* XCRemoteSwiftPackageReference "firebase-ios-sdk" */;
			productName = FirebaseFirestoreSwift;
		};
		618669702976F62000D04601 /* FirebaseStorage */ = {
			isa = XCSwiftPackageProductDependency;
			package = 618669632976F62000D04601 /* XCRemoteSwiftPackageReference "firebase-ios-sdk" */;
			productName = FirebaseStorage;
		};
/* End XCSwiftPackageProductDependency section */
	};
	rootObject = 618669292976DA0200D04601 /* Project object */;
}
